# This file was autogenerated by Stack.
# You should not edit this file by hand.
# For more information, please see the documentation at:
#   https://docs.haskellstack.org/en/stable/lock_files

packages:
- completed:
    hackage: envy-1.5.1.0@sha256:a00910ebf461ec36ff6b7b01711bffe09cee062b7515c4580c466002590283a2,1683
    pantry-tree:
      size: 368
      sha256: 85ed121176a3b9cff9221af50077c45181ab2fe0e4ffe5273aaf57daef197b0a
  original:
    hackage: envy-1.5.1.0@sha256:a00910ebf461ec36ff6b7b01711bffe09cee062b7515c4580c466002590283a2,1683
- completed:
    hackage: tasty-1.3.1@sha256:01e35c97f7ee5ccbc28f21debea02a38cd010d53b4c3087f5677c5d06617a507,2520
    pantry-tree:
      size: 1804
      sha256: 6150ec5094fe321150b1263bc751c1a85b22be766053fb4648115d8c02b2064b
  original:
    hackage: tasty-1.3.1@sha256:01e35c97f7ee5ccbc28f21debea02a38cd010d53b4c3087f5677c5d06617a507,2520
- completed:
    hackage: unliftio-core-0.2.0.1@sha256:9b3e44ea9aacacbfc35b3b54015af450091916ac3618a41868ebf6546977659a,1082
    pantry-tree:
      size: 328
      sha256: e81c5a1e82ec2cd68cbbbec9cd60567363abe02257fa1370a906f6754b6818b8
  original:
    hackage: unliftio-core-0.2.0.1@sha256:9b3e44ea9aacacbfc35b3b54015af450091916ac3618a41868ebf6546977659a,1082
- completed:
    subdir: conversions
    name: conversions
    version: 0.0.4
    git: https://github.com/mbj/mhs
    pantry-tree:
      size: 495
      sha256: c9447fee2ee7bc682d46713a23a30c530d67b6d151929e8202a40ca03c9e7c31
    commit: ffc9869b48b977a234ee41e11cc4556c09b5a5fc
  original:
    subdir: conversions
    git: https://github.com/mbj/mhs
    commit: ffc9869b48b977a234ee41e11cc4556c09b5a5fc
- completed:
    subdir: devtools
    name: devtools
    version: 0.1.0
    git: https://github.com/mbj/mhs
    pantry-tree:
      size: 714
      sha256: fc504c8120b7ca5f176fdc509d6c451268fd7822f3d6c0a3cb303c3a57d3111d
    commit: ffc9869b48b977a234ee41e11cc4556c09b5a5fc
  original:
    subdir: devtools
    git: https://github.com/mbj/mhs
    commit: ffc9869b48b977a234ee41e11cc4556c09b5a5fc
- completed:
    subdir: mprelude
    name: mprelude
    version: 0.2.1
    git: https://github.com/mbj/mhs
    pantry-tree:
      size: 512
      sha256: 93ac9266ead223e181d4fb27bacb952f867b1824bc2c64d5432fc52d88cd9cce
    commit: ffc9869b48b977a234ee41e11cc4556c09b5a5fc
  original:
    subdir: mprelude
    git: https://github.com/mbj/mhs
    commit: ffc9869b48b977a234ee41e11cc4556c09b5a5fc
- completed:
    subdir: source-constraints
    name: source-constraints
    version: 0.0.2
    git: https://github.com/mbj/mhs
    pantry-tree:
      size: 938
      sha256: 6f3999ab19ca865e9f9a5d728da9c7e700c76294c11ba8b6bf9640ce338d3569
    commit: ffc9869b48b977a234ee41e11cc4556c09b5a5fc
  original:
    subdir: source-constraints
    git: https://github.com/mbj/mhs
    commit: ffc9869b48b977a234ee41e11cc4556c09b5a5fc
- completed:
    subdir: tasty-mgolden
    name: tasty-mgolden
    version: 0.0.2
    git: https://github.com/mbj/mhs
    pantry-tree:
      size: 621
      sha256: d90cfc2e80505eb55600c1b0cf67c9aa0ee1c2d92dc198c22f0bad5e29210f36
    commit: ffc9869b48b977a234ee41e11cc4556c09b5a5fc
  original:
    subdir: tasty-mgolden
    git: https://github.com/mbj/mhs
    commit: ffc9869b48b977a234ee41e11cc4556c09b5a5fc
snapshots:
- completed:
    size: 585817
    url: https://raw.githubusercontent.com/commercialhaskell/stackage-snapshots/master/lts/18/5.yaml
    sha256: 22d24d0dacad9c1450b9a174c28d203f9bb482a2a8da9710a2f2a9f4afee2887
  original: lts-18.5
